
Microsoft Visual Studio Solution File, Format Version 12.00
# Visual Studio Version 17
VisualStudioVersion = 17.4.33205.214
MinimumVisualStudioVersion = 10.0.40219.1
Project("{FAE04EC0-301F-11D3-BF4B-00C04F79EFBC}") = "UmbracoProject1", "UmbracoProject1\UmbracoProject1.csproj", "{797A773A-55C0-459F-B8C1-835AF655CF25}"
EndProject
Global
	GlobalSection(SolutionConfigurationPlatforms) = preSolution
		Debug|Any CPU = Debug|Any CPU
		Release|Any CPU = Release|Any CPU
	EndGlobalSection
	GlobalSection(ProjectConfigurationPlatforms) = postSolution
		{797A773A-55C0-459F-B8C1-835AF655CF25}.Debug|Any CPU.ActiveCfg = Debug|Any CPU
		{797A773A-55C0-459F-B8C1-835AF655CF25}.Debug|Any CPU.Build.0 = Debug|Any CPU
		{797A773A-55C0-459F-B8C1-835AF655CF25}.Release|Any CPU.ActiveCfg = Release|Any CPU
		{797A773A-55C0-459F-B8C1-835AF655CF25}.Release|Any CPU.Build.0 = Release|Any CPU
	EndGlobalSection
	GlobalSection(SolutionProperties) = preSolution
		HideSolutionNode = FALSE
	EndGlobalSection
	GlobalSection(ExtensibilityGlobals) = postSolution
		SolutionGuid = {2ED8682F-0AD9-410D-93FB-02142AA93719}
	EndGlobalSection
EndGlobal
